<?xml version="1.0" encoding="utf-8"?>
<Project ToolsVersion="4.0" xmlns="http://schemas.microsoft.com/developer/msbuild/2003">
  <ItemGroup>
    <Text Include="results.txt" />
  </ItemGroup>
  <ItemGroup>
    <ClInclude Include="OutputHelper.h" />
    <ClInclude Include="Float3.h" />
    <ClInclude Include="Matrix.h" />
  </ItemGroup>
  <ItemGroup>
    <ClCompile Include="UnitTests.cpp" />
  </ItemGroup>
</Project>